
Microsoft Visual Studio Solution File, Format Version 12.00
# Visual Studio Version 17
VisualStudioVersion = 17.2.32616.157
MinimumVisualStudioVersion = 10.0.40219.1
Project("{FAE04EC0-301F-11D3-BF4B-00C04F79EFBC}") = "SchedulePlanner", "SchedulePlanner\SchedulePlanner.csproj", "{B3590BAF-60D9-466E-9C9B-2204BD8712AB}"
EndProject
Global
	GlobalSection(SolutionConfigurationPlatforms) = preSolution
		Debug|Any CPU = Debug|Any CPU
		Release|Any CPU = Release|Any CPU
	EndGlobalSection
	GlobalSection(ProjectConfigurationPlatforms) = postSolution
		{B3590BAF-60D9-466E-9C9B-2204BD8712AB}.Debug|Any CPU.ActiveCfg = Debug|Any CPU
		{B3590BAF-60D9-466E-9C9B-2204BD8712AB}.Debug|Any CPU.Build.0 = Debug|Any CPU
		{B3590BAF-60D9-466E-9C9B-2204BD8712AB}.Release|Any CPU.ActiveCfg = Release|Any CPU
		{B3590BAF-60D9-466E-9C9B-2204BD8712AB}.Release|Any CPU.Build.0 = Release|Any CPU
	EndGlobalSection
	GlobalSection(SolutionProperties) = preSolution
		HideSolutionNode = FALSE
	EndGlobalSection
	GlobalSection(ExtensibilityGlobals) = postSolution
		SolutionGuid = {512AAEBC-3198-4086-BFCA-027D572D9665}
	EndGlobalSection
EndGlobal
